
Microsoft Visual Studio Solution File, Format Version 12.00
# Visual Studio Version 17
VisualStudioVersion = 17.0.31903.59
MinimumVisualStudioVersion = 10.0.40219.1
Project("{FAE04EC0-301F-11D3-BF4B-00C04F79EFBC}") = "BlazorClientApp", "BlazorClientApp.csproj", "{5C5A8E2C-65B6-4EF9-9F6C-77D3D6AC6C8D}"
EndProject
Global
	GlobalSection(SolutionConfigurationPlatforms) = preSolution
		Debug|Any CPU = Debug|Any CPU
		Release|Any CPU = Release|Any CPU
	EndGlobalSection
	GlobalSection(ProjectConfigurationPlatforms) = postSolution
		{5C5A8E2C-65B6-4EF9-9F6C-77D3D6AC6C8D}.Debug|Any CPU.ActiveCfg = Debug|Any CPU
		{5C5A8E2C-65B6-4EF9-9F6C-77D3D6AC6C8D}.Debug|Any CPU.Build.0 = Debug|Any CPU
		{5C5A8E2C-65B6-4EF9-9F6C-77D3D6AC6C8D}.Release|Any CPU.ActiveCfg = Release|Any CPU
		{5C5A8E2C-65B6-4EF9-9F6C-77D3D6AC6C8D}.Release|Any CPU.Build.0 = Release|Any CPU
	EndGlobalSection
EndGlobal
